{
  "name": "dsh-admin-bridge",
  "version": "0.2.0-alpha.1",
  "lockfileVersion": 3,
  "requires": true,
  "packages": {
    "": {
      "name": "dsh-admin-bridge",
      "version": "0.2.0-alpha.1",
      "license": "MIT",
      "engines": {
        "node": ">=22"
      },
      "peerDependencies": {
        "@deepseek-ai/cordis": "4.0.2",
        "@deepseek-ai/dsh-agent": "0.1.2-rc.1",
        "@deepseek-ai/dsh-client-connection": "0.1.2-rc.1",
        "@deepseek-ai/dsh-commands": "0.1.2-rc.1",
        "@deepseek-ai/dsh-host-webserver": "0.1.2-rc.1",
        "@deepseek-ai/dsh-permission-presets": "0.1.2-rc.1",
        "@deepseek-ai/dsh-sandbox-policy": "0.1.2-rc.1",
        "@deepseek-ai/dsh-scope": "0.1.2-rc.1",
        "@deepseek-ai/dsh-session": "0.1.2-rc.1",
        "@deepseek-ai/dsh-tools": "0.1.2-rc.1",
        "@deepseek-ai/dsh-user-approval": "0.1.2-rc.1",
        "@deepseek-ai/schemastery": "3.18.2"
      }
    },
    "node_modules/@deepseek-ai/cordis": {
      "version": "4.0.2",
      "resolved": "https://registry.npmjs.org/@deepseek-ai/cordis/-/cordis-4.0.2.tgz",
      "integrity": "sha512-asOnXP1TzFSFQlHb1iegDZp0z/8WD1c7YNrwJR/Tx2bzNuMXfcekE/I67Iv6SQXeLB4csxqCngzQKANP7gdw0g==",
      "license": "MIT",
      "peer": true,
      "dependencies": {
        "@deepseek-ai/cosmokit": "^1.8.3",
        "@standard-schema/spec": "^1.1.0"
      },
      "bin": {
        "cordis": "bin.js"
      },
      "peerDependencies": {
        "@deepseek-ai/cordis-plugin-include": "^1.0.7",
        "@deepseek-ai/cordis-plugin-loader": "^1.0.3"
      },
      "peerDependenciesMeta": {
        "@deepseek-ai/cordis-plugin-include": {
          "optional": true
        },
        "@deepseek-ai/cordis-plugin-loader": {
          "optional": true
        }
      }
    },
    "node_modules/@deepseek-ai/cosmokit": {
      "version": "1.8.3",
      "resolved": "https://registry.npmjs.org/@deepseek-ai/cosmokit/-/cosmokit-1.8.3.tgz",
      "integrity": "sha512-qBo+ronVM6Eu2WNVJXi8JcMiqZ19T9BRIpV+5qJUFPXjGH/Z0QKcQMC/IZJ7L394YTOtJgcovbk9qP0w2GsBXQ==",
      "license": "MIT",
      "peer": true
    },
    "node_modules/@deepseek-ai/dsh-agent": {
      "version": "0.1.2-rc.1",
      "resolved": "https://registry.npmjs.org/@deepseek-ai/dsh-agent/-/dsh-agent-0.1.2-rc.1.tgz",
      "integrity": "sha512-lfaqN34vUCWvbn1kJVHrhfJ6Dvt1HDHCm33ZCpmKkl07/5q6FxWqVv6rOdVX5QnM/9xz/uYiN0nQwUtBg4+Skg==",
      "license": "MIT",
      "peer": true,
      "peerDependencies": {
        "@deepseek-ai/cordis": "^4.0.2",
        "@deepseek-ai/dsh-invariants": "^0.1.2-rc.1",
        "@deepseek-ai/dsh-llm": "^0.1.2-rc.1",
        "@deepseek-ai/dsh-scope": "^0.1.2-rc.1",
        "@deepseek-ai/dsh-session": "^0.1.2-rc.1",
        "@deepseek-ai/dsh-session-projection": "^0.1.2-rc.1",
        "@deepseek-ai/dsh-system-prompt": "^0.1.2-rc.1",
        "@deepseek-ai/dsh-typert-protocol": "^0.1.2-rc.1"
      }
    },
    "node_modules/@deepseek-ai/dsh-attachment": {
      "version": "0.1.2-rc.1",
      "resolved": "https://registry.npmjs.org/@deepseek-ai/dsh-attachment/-/dsh-attachment-0.1.2-rc.1.tgz",
      "integrity": "sha512-QISKUjEITusLvAkqPLRn70xDUt+GjjY41pISjtPKYcZ4EGmayzhgZ3VJNYEcC+rbaF44hs2o/0VhOwHA7lyxjw==",
      "license": "MIT",
      "peer": true,
      "peerDependencies": {
        "@deepseek-ai/cordis": "^4.0.2",
        "@deepseek-ai/dsh-brand": "^0.1.2-rc.1"
      }
    },
    "node_modules/@deepseek-ai/dsh-brand": {
      "version": "0.1.2-rc.1",
      "resolved": "https://registry.npmjs.org/@deepseek-ai/dsh-brand/-/dsh-brand-0.1.2-rc.1.tgz",
      "integrity": "sha512-y2RHIag3kzLdY8kTBuSUSTsKzWPscJrysNObXTiNM7stXLpa3jXpshsB1caqGzNx50vYcmHeN1gFVECgx3NZHg==",
      "license": "MIT",
      "peer": true,
      "peerDependencies": {
        "@deepseek-ai/cordis": "^4.0.2"
      }
    },
    "node_modules/@deepseek-ai/dsh-client-connection": {
      "version": "0.1.2-rc.1",
      "resolved": "https://registry.npmjs.org/@deepseek-ai/dsh-client-connection/-/dsh-client-connection-0.1.2-rc.1.tgz",
      "integrity": "sha512-30g7JG+Z8bDj+ux+KsDfMSXPI6zXotMAFNCxI8O8mJiutJNlZxIL5LXQeDrJpVOW9MWWQkoMp+R+Dxzp5DNDSQ==",
      "license": "MIT",
      "peer": true,
      "dependencies": {
        "@deepseek-ai/dsh-credentials": "^0.1.2-rc.1",
        "@deepseek-ai/schemastery": "^3.18.2",
        "zod": "^4.4.3"
      },
      "peerDependencies": {
        "@deepseek-ai/cordis": "^4.0.2"
      }
    },
    "node_modules/@deepseek-ai/dsh-code-runtime": {
      "version": "0.1.2-rc.1",
      "resolved": "https://registry.npmjs.org/@deepseek-ai/dsh-code-runtime/-/dsh-code-runtime-0.1.2-rc.1.tgz",
      "integrity": "sha512-dv5UszPJb/AFcarZc2c6h5z/X80bsrSd3bfIOugwNVclSI6P+L3ixseoZKgyks7T0Ap0h6ngXGk2WeoUkmYxnQ==",
      "license": "MIT",
      "peer": true,
      "peerDependencies": {
        "@deepseek-ai/cordis": "^4.0.2"
      }
    },
    "node_modules/@deepseek-ai/dsh-commands": {
      "version": "0.1.2-rc.1",
      "resolved": "https://registry.npmjs.org/@deepseek-ai/dsh-commands/-/dsh-commands-0.1.2-rc.1.tgz",
      "integrity": "sha512-uBh4JTX7pOkFhmbWjXjVLnOQOawyccC7+DazbHrLRN6/wy4OgTRH+DaW0+ibLq+XRAO19OvBTtuoh3x/KkJx1Q==",
      "license": "MIT",
      "peer": true,
      "dependencies": {
        "@deepseek-ai/dsh-util-crypto": "^0.1.2-rc.1",
        "zod": "^4.4.3"
      },
      "peerDependencies": {
        "@deepseek-ai/cordis": "^4.0.2",
        "@deepseek-ai/dsh-agent": "^0.1.2-rc.1",
        "@deepseek-ai/dsh-attachment": "^0.1.2-rc.1",
        "@deepseek-ai/dsh-brand": "^0.1.2-rc.1",
        "@deepseek-ai/dsh-invariants": "^0.1.2-rc.1",
        "@deepseek-ai/dsh-llm": "^0.1.2-rc.1",
        "@deepseek-ai/dsh-scope": "^0.1.2-rc.1",
        "@deepseek-ai/dsh-session": "^0.1.2-rc.1",
        "@deepseek-ai/dsh-typert-protocol": "^0.1.2-rc.1"
      }
    },
    "node_modules/@deepseek-ai/dsh-credentials": {
      "version": "0.1.2-rc.1",
      "resolved": "https://registry.npmjs.org/@deepseek-ai/dsh-credentials/-/dsh-credentials-0.1.2-rc.1.tgz",
      "integrity": "sha512-e7DGpuYQqiD4dOWGQeY/XAWPTjbax/MkrXBwsB8wBtNpoPiAKiLYgd+iFiQc66BGOlutSRFz31IKdbduqPbTxA==",
      "license": "MIT",
      "peer": true,
      "dependencies": {
        "@deepseek-ai/dsh-brand": "^0.1.2-rc.1"
      },
      "peerDependencies": {
        "@deepseek-ai/cordis": "^4.0.2",
        "@deepseek-ai/dsh-invariants": "^0.1.2-rc.1"
      }
    },
    "node_modules/@deepseek-ai/dsh-host-webserver": {
      "version": "0.1.2-rc.1",
      "resolved": "https://registry.npmjs.org/@deepseek-ai/dsh-host-webserver/-/dsh-host-webserver-0.1.2-rc.1.tgz",
      "integrity": "sha512-QVcaf4qnIa1t215Y8TRiRhqkEz4Lu5/F+KqvWT+4sHOiyWmZr8g1JndqlwP6MBnMQEPmp0I/EKYJ7PWMV32gkA==",
      "license": "MIT",
      "peer": true,
      "dependencies": {
        "@deepseek-ai/schemastery": "^3.18.2",
        "compression": "^1.8.1",
        "negotiator": "^1.0.0"
      },
      "peerDependencies": {
        "@deepseek-ai/cordis": "^4.0.2"
      }
    },
    "node_modules/@deepseek-ai/dsh-invariants": {
      "version": "0.1.2-rc.1",
      "resolved": "https://registry.npmjs.org/@deepseek-ai/dsh-invariants/-/dsh-invariants-0.1.2-rc.1.tgz",
      "integrity": "sha512-zSjuFJYcEB94kPwn7SicqAV1dfVWZkjt1I8luDboxtjfp5CN6ziwJhLv3KaB+Dh9tgkyGY4mvo886W/HhE9L9g==",
      "license": "MIT",
      "peer": true,
      "dependencies": {
        "@deepseek-ai/schemastery": "^3.18.2"
      },
      "peerDependencies": {
        "@deepseek-ai/cordis": "^4.0.2"
      }
    },
    "node_modules/@deepseek-ai/dsh-llm": {
      "version": "0.1.2-rc.1",
      "resolved": "https://registry.npmjs.org/@deepseek-ai/dsh-llm/-/dsh-llm-0.1.2-rc.1.tgz",
      "integrity": "sha512-7VYsha5AXsVLnsAwYJffWXz9bwUbElw8i5N8tlTSdai9Bupk3sMbsotzPf8ZbsuGAxQYErahMwQwgGEu4qZO6g==",
      "license": "MIT",
      "peer": true,
      "dependencies": {
        "@deepseek-ai/dsh-brand": "^0.1.2-rc.1",
        "@deepseek-ai/dsh-timeout": "^0.1.2-rc.1",
        "@deepseek-ai/dsh-typert-protocol": "^0.1.2-rc.1",
        "@deepseek-ai/dsh-util-crypto": "^0.1.2-rc.1",
        "@deepseek-ai/dsh-util-values": "^0.1.2-rc.1",
        "@deepseek-ai/schemastery": "^3.18.2",
        "zod": "^4.4.3"
      },
      "peerDependencies": {
        "@deepseek-ai/cordis": "^4.0.2"
      }
    },
    "node_modules/@deepseek-ai/dsh-permission-presets": {
      "version": "0.1.2-rc.1",
      "resolved": "https://registry.npmjs.org/@deepseek-ai/dsh-permission-presets/-/dsh-permission-presets-0.1.2-rc.1.tgz",
      "integrity": "sha512-CYGxMvAlePbMMHoIBdmrpdbDtea+mcr9/L4i50CoMGafeihwrkrCOowdYutOUbKWgdVeetME/UCkcdTEDRU+vQ==",
      "license": "MIT",
      "peer": true,
      "dependencies": {
        "@deepseek-ai/schemastery": "^3.18.2",
        "zod": "^4.4.3"
      },
      "peerDependencies": {
        "@deepseek-ai/cordis": "^4.0.2",
        "@deepseek-ai/dsh-commands": "^0.1.2-rc.1",
        "@deepseek-ai/dsh-invariants": "^0.1.2-rc.1",
        "@deepseek-ai/dsh-sandbox": "^0.1.2-rc.1",
        "@deepseek-ai/dsh-sandbox-policy": "^0.1.2-rc.1",
        "@deepseek-ai/dsh-session": "^0.1.2-rc.1",
        "@deepseek-ai/dsh-session-projection": "^0.1.2-rc.1",
        "@deepseek-ai/dsh-settings": "^0.1.2-rc.1",
        "@deepseek-ai/dsh-shell": "^0.1.2-rc.1",
        "@deepseek-ai/dsh-user-approval": "^0.1.2-rc.1"
      }
    },
    "node_modules/@deepseek-ai/dsh-sandbox": {
      "version": "0.1.2-rc.1",
      "resolved": "https://registry.npmjs.org/@deepseek-ai/dsh-sandbox/-/dsh-sandbox-0.1.2-rc.1.tgz",
      "integrity": "sha512-nTO350NlVo9cvKzbeILcPIRIk9ijidrv29snRjTOx7kP5aO/BI2b4KxsRCYoXg8WGAMbIkGbsmZKUD4qz7hyXQ==",
      "license": "MIT",
      "peer": true,
      "dependencies": {
        "@deepseek-ai/dsh-util-values": "^0.1.2-rc.1"
      },
      "peerDependencies": {
        "@deepseek-ai/cordis": "^4.0.2",
        "@deepseek-ai/dsh-llm": "^0.1.2-rc.1",
        "@deepseek-ai/dsh-session": "^0.1.2-rc.1"
      }
    },
    "node_modules/@deepseek-ai/dsh-sandbox-policy": {
      "version": "0.1.2-rc.1",
      "resolved": "https://registry.npmjs.org/@deepseek-ai/dsh-sandbox-policy/-/dsh-sandbox-policy-0.1.2-rc.1.tgz",
      "integrity": "sha512-nLARL84X6K4DCUJsqRWINg3+1EVxsw70hbP+Yl92W/PsquQVs/UJQc55gnhYGmIMf6eJ0vQv39fziNSnAxdx5A==",
      "license": "MIT",
      "peer": true,
      "dependencies": {
        "@deepseek-ai/schemastery": "^3.18.2",
        "zod": "^4.4.3"
      },
      "peerDependencies": {
        "@deepseek-ai/cordis": "^4.0.2",
        "@deepseek-ai/dsh-agent": "^0.1.2-rc.1",
        "@deepseek-ai/dsh-invariants": "^0.1.2-rc.1",
        "@deepseek-ai/dsh-sandbox": "^0.1.2-rc.1",
        "@deepseek-ai/dsh-session": "^0.1.2-rc.1",
        "@deepseek-ai/dsh-session-projection": "^0.1.2-rc.1",
        "@deepseek-ai/dsh-system-prompt": "^0.1.2-rc.1"
      }
    },
    "node_modules/@deepseek-ai/dsh-scope": {
      "version": "0.1.2-rc.1",
      "resolved": "https://registry.npmjs.org/@deepseek-ai/dsh-scope/-/dsh-scope-0.1.2-rc.1.tgz",
      "integrity": "sha512-GHwbzWrGbmE0ZGzAZsXBudpyCM9ENCpXxlKODIaPFbIWhRePh6nH2jW47TAOqCIsPPedWC2p3w8Tx5WAa3I/2A==",
      "license": "MIT",
      "peer": true,
      "peerDependencies": {
        "@deepseek-ai/cordis": "^4.0.2",
        "@deepseek-ai/dsh-invariants": "^0.1.2-rc.1"
      }
    },
    "node_modules/@deepseek-ai/dsh-session": {
      "version": "0.1.2-rc.1",
      "resolved": "https://registry.npmjs.org/@deepseek-ai/dsh-session/-/dsh-session-0.1.2-rc.1.tgz",
      "integrity": "sha512-jRGNPTbQcvIx1F2MVmmkoiHLgpC3Btqo1wkl/3JDLlOWRVWKOuaC+5fQiMrFPOYfno6YiX/c2UvmA0td8qB92w==",
      "license": "MIT",
      "peer": true,
      "dependencies": {
        "@deepseek-ai/dsh-brand": "^0.1.2-rc.1",
        "@deepseek-ai/dsh-llm": "^0.1.2-rc.1",
        "@deepseek-ai/dsh-util-values": "^0.1.2-rc.1"
      },
      "peerDependencies": {
        "@deepseek-ai/cordis": "^4.0.2",
        "@deepseek-ai/dsh-scope": "^0.1.2-rc.1"
      }
    },
    "node_modules/@deepseek-ai/dsh-session-projection": {
      "version": "0.1.2-rc.1",
      "resolved": "https://registry.npmjs.org/@deepseek-ai/dsh-session-projection/-/dsh-session-projection-0.1.2-rc.1.tgz",
      "integrity": "sha512-qVWlIzPm4u9vzQ5G/QtE6jeSJ3b3b42hWVJj664BurEZlHbAfdqkhYc1QsoBU+5k5kUEJFHh07z8HxuXA9kTnQ==",
      "license": "MIT",
      "peer": true,
      "dependencies": {
        "zod": "^4.4.3"
      },
      "peerDependencies": {
        "@deepseek-ai/cordis": "^4.0.2",
        "@deepseek-ai/dsh-session": "^0.1.2-rc.1"
      }
    },
    "node_modules/@deepseek-ai/dsh-settings": {
      "version": "0.1.2-rc.1",
      "resolved": "https://registry.npmjs.org/@deepseek-ai/dsh-settings/-/dsh-settings-0.1.2-rc.1.tgz",
      "integrity": "sha512-wMmJ2w5S6I7hgmgPppuAVemltEcTmAa8gvii7fk4T2KGVCuBYgig8xPwQ8Lp2ukLZSzzE6ZVCQxhdYZyJX/USA==",
      "license": "MIT",
      "peer": true,
      "dependencies": {
        "@deepseek-ai/dsh-util-values": "^0.1.2-rc.1"
      },
      "peerDependencies": {
        "@deepseek-ai/cordis": "^4.0.2",
        "@deepseek-ai/dsh-brand": "^0.1.2-rc.1",
        "@deepseek-ai/dsh-invariants": "^0.1.2-rc.1",
        "@deepseek-ai/dsh-session": "^0.1.2-rc.1",
        "@deepseek-ai/schemastery": "^3.18.2"
      }
    },
    "node_modules/@deepseek-ai/dsh-shell": {
      "version": "0.1.2-rc.1",
      "resolved": "https://registry.npmjs.org/@deepseek-ai/dsh-shell/-/dsh-shell-0.1.2-rc.1.tgz",
      "integrity": "sha512-uFrSY0nNKzh5orGl2B0B4RfK7wTdIlwhPQc7aLA44jyjioLlqhF7PUek/NWtye2scwp3YHOw158XeOQUD8qTFg==",
      "license": "MIT",
      "peer": true,
      "peerDependencies": {
        "@deepseek-ai/cordis": "^4.0.2",
        "@deepseek-ai/dsh-sandbox": "^0.1.2-rc.1",
        "@deepseek-ai/dsh-settings": "^0.1.2-rc.1",
        "@deepseek-ai/dsh-subprocess": "^0.1.2-rc.1"
      }
    },
    "node_modules/@deepseek-ai/dsh-subprocess": {
      "version": "0.1.2-rc.1",
      "resolved": "https://registry.npmjs.org/@deepseek-ai/dsh-subprocess/-/dsh-subprocess-0.1.2-rc.1.tgz",
      "integrity": "sha512-roTna1QHNpR5NsOLBWRai+GxW1hQAUyIyXOg5tsAIPXt7dug/kZJXeryiR9e92Fc/yoXzHMgrBQCThuXuo97LA==",
      "license": "MIT",
      "peer": true,
      "peerDependencies": {
        "@deepseek-ai/cordis": "^4.0.2"
      }
    },
    "node_modules/@deepseek-ai/dsh-system-prompt": {
      "version": "0.1.2-rc.1",
      "resolved": "https://registry.npmjs.org/@deepseek-ai/dsh-system-prompt/-/dsh-system-prompt-0.1.2-rc.1.tgz",
      "integrity": "sha512-7W93PZKIk4CHvjZGgLIxrrEKpk+6t8nQXje1vKR5vG73dfXH0t1MJ5WWH/fngadYc7c6KzM84ihQ66tJqJqyNQ==",
      "license": "MIT",
      "peer": true,
      "dependencies": {
        "@deepseek-ai/schemastery": "^3.18.2"
      },
      "peerDependencies": {
        "@deepseek-ai/cordis": "^4.0.2",
        "@deepseek-ai/dsh-invariants": "^0.1.2-rc.1",
        "@deepseek-ai/dsh-llm": "^0.1.2-rc.1",
        "@deepseek-ai/dsh-scope": "^0.1.2-rc.1"
      }
    },
    "node_modules/@deepseek-ai/dsh-timeout": {
      "version": "0.1.2-rc.1",
      "resolved": "https://registry.npmjs.org/@deepseek-ai/dsh-timeout/-/dsh-timeout-0.1.2-rc.1.tgz",
      "integrity": "sha512-llz11yxWeJB8suKCa6hRLjNBWVaPn3Fbd0XoBS0bkZLhPFzO1mDorx/XMca2GhI7XF9A86CURQcDt+aGjjvqJA==",
      "license": "MIT",
      "peer": true,
      "peerDependencies": {
        "@deepseek-ai/cordis": "^4.0.2"
      }
    },
    "node_modules/@deepseek-ai/dsh-tools": {
      "version": "0.1.2-rc.1",
      "resolved": "https://registry.npmjs.org/@deepseek-ai/dsh-tools/-/dsh-tools-0.1.2-rc.1.tgz",
      "integrity": "sha512-W9kUio00s7WbM8kEwniyd4hfb3CeUxVczsjXbOcKtakfiTywNLeyRWkpx2fvwRAH2rBfg3qCgczVfS0DOw1csg==",
      "license": "MIT",
      "peer": true,
      "dependencies": {
        "@deepseek-ai/dsh-brand": "^0.1.2-rc.1",
        "@deepseek-ai/dsh-util-values": "^0.1.2-rc.1",
        "@deepseek-ai/schemastery": "^3.18.2"
      },
      "peerDependencies": {
        "@deepseek-ai/cordis": "^4.0.2",
        "@deepseek-ai/dsh-agent": "^0.1.2-rc.1",
        "@deepseek-ai/dsh-code-runtime": "^0.1.2-rc.1",
        "@deepseek-ai/dsh-invariants": "^0.1.2-rc.1",
        "@deepseek-ai/dsh-llm": "^0.1.2-rc.1",
        "@deepseek-ai/dsh-scope": "^0.1.2-rc.1",
        "@deepseek-ai/dsh-session": "^0.1.2-rc.1",
        "@deepseek-ai/dsh-system-prompt": "^0.1.2-rc.1",
        "@deepseek-ai/dsh-user-approval": "^0.1.2-rc.1"
      }
    },
    "node_modules/@deepseek-ai/dsh-typert-protocol": {
      "version": "0.1.2-rc.1",
      "resolved": "https://registry.npmjs.org/@deepseek-ai/dsh-typert-protocol/-/dsh-typert-protocol-0.1.2-rc.1.tgz",
      "integrity": "sha512-vBWD0NpriPd96ltbWaAw+iKeWFIEjiAcCWYtmqEcV1Ms+FaV02usjjm7LCmhSQhMZpBSBc7EZUX0spGlpjI1bA==",
      "license": "MIT",
      "peer": true,
      "peerDependencies": {
        "@deepseek-ai/cordis": "^4.0.2"
      }
    },
    "node_modules/@deepseek-ai/dsh-user-approval": {
      "version": "0.1.2-rc.1",
      "resolved": "https://registry.npmjs.org/@deepseek-ai/dsh-user-approval/-/dsh-user-approval-0.1.2-rc.1.tgz",
      "integrity": "sha512-oYkLE4a/TwqVNi299pUf/QP1Yku6KScdUCTUyYbjaRBcN+/pXPpHikl2aoE2thH9D0uT/Kj6T2kz+wDDcFd9Xg==",
      "license": "MIT",
      "peer": true,
      "dependencies": {
        "@deepseek-ai/schemastery": "^3.18.2"
      },
      "peerDependencies": {
        "@deepseek-ai/cordis": "^4.0.2",
        "@deepseek-ai/dsh-agent": "^0.1.2-rc.1",
        "@deepseek-ai/dsh-brand": "^0.1.2-rc.1",
        "@deepseek-ai/dsh-invariants": "^0.1.2-rc.1",
        "@deepseek-ai/dsh-llm": "^0.1.2-rc.1",
        "@deepseek-ai/dsh-scope": "^0.1.2-rc.1",
        "@deepseek-ai/dsh-session": "^0.1.2-rc.1",
        "@deepseek-ai/dsh-system-prompt": "^0.1.2-rc.1"
      }
    },
    "node_modules/@deepseek-ai/dsh-util-crypto": {
      "version": "0.1.2-rc.1",
      "resolved": "https://registry.npmjs.org/@deepseek-ai/dsh-util-crypto/-/dsh-util-crypto-0.1.2-rc.1.tgz",
      "integrity": "sha512-gE8FznQ1hkknw9QMrHNSlm3UEyRYuj3MLVvlJ6NyH1kmOsdjnbrVbSs+Pn72k2oIV4Fiyu3Umg0sLznUEcsiXw==",
      "license": "MIT",
      "peer": true,
      "peerDependencies": {
        "@deepseek-ai/cordis": "^4.0.2"
      }
    },
    "node_modules/@deepseek-ai/dsh-util-values": {
      "version": "0.1.2-rc.1",
      "resolved": "https://registry.npmjs.org/@deepseek-ai/dsh-util-values/-/dsh-util-values-0.1.2-rc.1.tgz",
      "integrity": "sha512-FQdgoK+KYVR0pBQb9fTsajvGb3gzUxEzJQEYnFOt+Qdwc4nkxJOPwJJdIvXuqvZaQ33DaOoqpnpcr2p5HpLu4g==",
      "license": "MIT",
      "peer": true,
      "peerDependencies": {
        "@deepseek-ai/cordis": "^4.0.2"
      }
    },
    "node_modules/@deepseek-ai/schemastery": {
      "version": "3.18.2",
      "resolved": "https://registry.npmjs.org/@deepseek-ai/schemastery/-/schemastery-3.18.2.tgz",
      "integrity": "sha512-njDtZsznjYxok7KLLlHOPyuv2efdWVbSflAHgztSfbMsg+CVraEoRe2DjOCgClYv3ZCSm7WXoaUkbB/+RY7tWQ==",
      "license": "MIT",
      "peer": true,
      "dependencies": {
        "@deepseek-ai/cosmokit": "^1.8.3",
        "@standard-schema/spec": "^1.1.0"
      }
    },
    "node_modules/@standard-schema/spec": {
      "version": "1.1.0",
      "resolved": "https://registry.npmjs.org/@standard-schema/spec/-/spec-1.1.0.tgz",
      "integrity": "sha512-l2aFy5jALhniG5HgqrD6jXLi/rUWrKvqN/qJx6yoJsgKhblVd+iqqU4RCXavm/jPityDo5TCvKMnpjKnOriy0w==",
      "license": "MIT",
      "peer": true
    },
    "node_modules/bytes": {
      "version": "3.1.2",
      "resolved": "https://registry.npmjs.org/bytes/-/bytes-3.1.2.tgz",
      "integrity": "sha512-/Nf7TyzTx6S3yRJObOAV7956r8cr2+Oj8AC5dt8wSP3BQAoeX58NoHyCU8P8zGkNXStjTSi6fzO6F0pBdcYbEg==",
      "license": "MIT",
      "peer": true,
      "engines": {
        "node": ">= 0.8"
      }
    },
    "node_modules/compressible": {
      "version": "2.0.18",
      "resolved": "https://registry.npmjs.org/compressible/-/compressible-2.0.18.tgz",
      "integrity": "sha512-AF3r7P5dWxL8MxyITRMlORQNaOA2IkAFaTr4k7BUumjPtRpGDTZpl0Pb1XCO6JeDCBdp126Cgs9sMxqSjgYyRg==",
      "license": "MIT",
      "peer": true,
      "dependencies": {
        "mime-db": ">= 1.43.0 < 2"
      },
      "engines": {
        "node": ">= 0.6"
      }
    },
    "node_modules/compression": {
      "version": "1.8.1",
      "resolved": "https://registry.npmjs.org/compression/-/compression-1.8.1.tgz",
      "integrity": "sha512-9mAqGPHLakhCLeNyxPkK4xVo746zQ/czLH1Ky+vkitMnWfWZps8r0qXuwhwizagCRttsL4lfG4pIOvaWLpAP0w==",
      "license": "MIT",
      "peer": true,
      "dependencies": {
        "bytes": "3.1.2",
        "compressible": "~2.0.18",
        "debug": "2.6.9",
        "negotiator": "~0.6.4",
        "on-headers": "~1.1.0",
        "safe-buffer": "5.2.1",
        "vary": "~1.1.2"
      },
      "engines": {
        "node": ">= 0.8.0"
      }
    },
    "node_modules/compression/node_modules/negotiator": {
      "version": "0.6.4",
      "resolved": "https://registry.npmjs.org/negotiator/-/negotiator-0.6.4.tgz",
      "integrity": "sha512-myRT3DiWPHqho5PrJaIRyaMv2kgYf0mUVgBNOYMuCH5Ki1yEiQaf/ZJuQ62nvpc44wL5WDbTX7yGJi1Neevw8w==",
      "license": "MIT",
      "peer": true,
      "engines": {
        "node": ">= 0.6"
      }
    },
    "node_modules/content-type": {
      "version": "2.1.0",
      "resolved": "https://registry.npmjs.org/content-type/-/content-type-2.1.0.tgz",
      "integrity": "sha512-mj7UPXE0jaqaOsukNZRUEfEi2AcL7C/vwmwcHV0O97eO1E1pxBZuyjlZrx5seTaNBg1U6+o35wpa35Qfcc+7ag==",
      "license": "MIT",
      "peer": true,
      "engines": {
        "node": ">=18"
      },
      "funding": {
        "type": "opencollective",
        "url": "https://opencollective.com/express"
      }
    },
    "node_modules/debug": {
      "version": "2.6.9",
      "resolved": "https://registry.npmjs.org/debug/-/debug-2.6.9.tgz",
      "integrity": "sha512-bC7ElrdJaJnPbAP+1EotYvqZsb3ecl5wi6Bfi6BJTUcNowp6cvspg0jXznRTKDjm/E7AdgFBVeAPVMNcKGsHMA==",
      "license": "MIT",
      "peer": true,
      "dependencies": {
        "ms": "2.0.0"
      }
    },
    "node_modules/mime-db": {
      "version": "1.54.0",
      "resolved": "https://registry.npmjs.org/mime-db/-/mime-db-1.54.0.tgz",
      "integrity": "sha512-aU5EJuIN2WDemCcAp2vFBfp/m4EAhWJnUNSSw0ixs7/kXbd6Pg64EmwJkNdFhB8aWt1sH2CTXrLxo/iAGV3oPQ==",
      "license": "MIT",
      "peer": true,
      "engines": {
        "node": ">= 0.6"
      }
    },
    "node_modules/ms": {
      "version": "2.0.0",
      "resolved": "https://registry.npmjs.org/ms/-/ms-2.0.0.tgz",
      "integrity": "sha512-Tpp60P6IUJDTuOq/5Z8cdskzJujfwqfOTkrwIwj7IRISpnkJnT6SyJ4PCPnGMoFjC9ddhal5KVIYtAt97ix05A==",
      "license": "MIT",
      "peer": true
    },
    "node_modules/negotiator": {
      "version": "1.1.0",
      "resolved": "https://registry.npmjs.org/negotiator/-/negotiator-1.1.0.tgz",
      "integrity": "sha512-NMPBRMJgiQHjbd8phG3Vebdx4kZ1H121rbl5IkMqeOsahptB9BKo/d7oJ3zTXqTgagn2bWlNSXkh0QUGM31RYg==",
      "license": "MIT",
      "peer": true,
      "dependencies": {
        "content-type": "^2.1.0"
      },
      "engines": {
        "node": ">=18"
      },
      "funding": {
        "type": "opencollective",
        "url": "https://opencollective.com/express"
      }
    },
    "node_modules/on-headers": {
      "version": "1.1.0",
      "resolved": "https://registry.npmjs.org/on-headers/-/on-headers-1.1.0.tgz",
      "integrity": "sha512-737ZY3yNnXy37FHkQxPzt4UZ2UWPWiCZWLvFZ4fu5cueciegX0zGPnrlY6bwRg4FdQOe9YU8MkmJwGhoMybl8A==",
      "license": "MIT",
      "peer": true,
      "engines": {
        "node": ">= 0.8"
      }
    },
    "node_modules/safe-buffer": {
      "version": "5.2.1",
      "resolved": "https://registry.npmjs.org/safe-buffer/-/safe-buffer-5.2.1.tgz",
      "integrity": "sha512-rp3So07KcdmmKbGvgaNxQSJr7bGVSVk5S9Eq1F+ppbRo70+YeaDxkw5Dd8NPN+GD6bjnYm2VuPuCXmpuYvmCXQ==",
      "funding": [
        {
          "type": "github",
          "url": "https://github.com/sponsors/feross"
        },
        {
          "type": "patreon",
          "url": "https://www.patreon.com/feross"
        },
        {
          "type": "consulting",
          "url": "https://feross.org/support"
        }
      ],
      "license": "MIT",
      "peer": true
    },
    "node_modules/vary": {
      "version": "1.1.2",
      "resolved": "https://registry.npmjs.org/vary/-/vary-1.1.2.tgz",
      "integrity": "sha512-BNGbWLfd0eUPabhkXUVm0j8uuvREyTh5ovRa/dyow/BqAbZJyC+5fU+IzQOzmAKzYqYRAISoRhdQr3eIZ/PXqg==",
      "license": "MIT",
      "peer": true,
      "engines": {
        "node": ">= 0.8"
      }
    },
    "node_modules/zod": {
      "version": "4.5.4",
      "resolved": "https://registry.npmjs.org/zod/-/zod-4.5.4.tgz",
      "integrity": "sha512-sC95tT5iHHH9gtpj6A81kh+NEaRAUFN+qlUPDUbRfOMvNf5QCBqsb3WgvnpVtK5Y+4UfA6KqufotuTvMGiTlsA==",
      "license": "MIT",
      "peer": true,
      "funding": {
        "url": "https://github.com/sponsors/colinhacks"
      }
    }
  }
}
